Microsoft Visual Studio Solution File, Format Version 12.00
# Visual Studio Version 17
VisualStudioVersion = 17.2.32519.379
MinimumVisualStudioVersion = 10.0.40219.1
Project("{FAE04EC0-301F-11D3-BF4B-00C04F79EFBC}") = "Linphone", "Linphone\Linphone.csproj", "{6122CCBD-FB37-48CE-9C50-0C8A35003AE6}"
	ProjectSection(ProjectDependencies) = postProject
		{088A6C0F-16FA-4360-93C7-D781244E77FD} = {088A6C0F-16FA-4360-93C7-D781244E77FD}
	EndProjectSection
EndProject
Project("{FAE04EC0-301F-11D3-BF4B-00C04F79EFBC}") = "LinphoneTasks", "Linphone\Tasks\LinphoneTasks.csproj", "{088A6C0F-16FA-4360-93C7-D781244E77FD}"
EndProject
Global
	GlobalSection(SolutionConfigurationPlatforms) = preSolution
		Debug|Any CPU = Debug|Any CPU
		Debug|ARM = Debug|ARM
		Debug|x64 = Debug|x64
		Debug|x86 = Debug|x86
		Release|Any CPU = Release|Any CPU
		Release|ARM = Release|ARM
		Release|x64 = Release|x64
		Release|x86 = Release|x86
	EndGlobalSection
	GlobalSection(ProjectConfigurationPlatforms) = postSolution
		{6122CCBD-FB37-48CE-9C50-0C8A35003AE6}.Debug|Any CPU.ActiveCfg = Debug|x64
		{6122CCBD-FB37-48CE-9C50-0C8A35003AE6}.Debug|Any CPU.Build.0 = Debug|x64
		{6122CCBD-FB37-48CE-9C50-0C8A35003AE6}.Debug|Any CPU.Deploy.0 = Debug|x64
		{6122CCBD-FB37-48CE-9C50-0C8A35003AE6}.Debug|ARM.ActiveCfg = Release|x64
		{6122CCBD-FB37-48CE-9C50-0C8A35003AE6}.Debug|ARM.Build.0 = Release|x64
		{6122CCBD-FB37-48CE-9C50-0C8A35003AE6}.Debug|x64.ActiveCfg = Debug|x64
		{6122CCBD-FB37-48CE-9C50-0C8A35003AE6}.Debug|x64.Build.0 = Debug|x64
		{6122CCBD-FB37-48CE-9C50-0C8A35003AE6}.Debug|x64.Deploy.0 = Debug|x64
		{6122CCBD-FB37-48CE-9C50-0C8A35003AE6}.Debug|x86.ActiveCfg = Debug|x86
		{6122CCBD-FB37-48CE-9C50-0C8A35003AE6}.Debug|x86.Build.0 = Debug|x86
		{6122CCBD-FB37-48CE-9C50-0C8A35003AE6}.Release|Any CPU.ActiveCfg = Release|x64
		{6122CCBD-FB37-48CE-9C50-0C8A35003AE6}.Release|ARM.ActiveCfg = Release|x64
		{6122CCBD-FB37-48CE-9C50-0C8A35003AE6}.Release|x64.ActiveCfg = Release|x64
		{6122CCBD-FB37-48CE-9C50-0C8A35003AE6}.Release|x64.Build.0 = Release|x64
		{6122CCBD-FB37-48CE-9C50-0C8A35003AE6}.Release|x64.Deploy.0 = Release|x64
		{6122CCBD-FB37-48CE-9C50-0C8A35003AE6}.Release|x86.ActiveCfg = Release|x86
		{6122CCBD-FB37-48CE-9C50-0C8A35003AE6}.Release|x86.Build.0 = Release|x86
		{6122CCBD-FB37-48CE-9C50-0C8A35003AE6}.Release|x86.Deploy.0 = Release|x86
		{088A6C0F-16FA-4360-93C7-D781244E77FD}.Debug|Any CPU.ActiveCfg = Debug|Any CPU
		{088A6C0F-16FA-4360-93C7-D781244E77FD}.Debug|Any CPU.Build.0 = Debug|Any CPU
		{088A6C0F-16FA-4360-93C7-D781244E77FD}.Debug|ARM.ActiveCfg = Debug|ARM
		{088A6C0F-16FA-4360-93C7-D781244E77FD}.Debug|ARM.Build.0 = Debug|ARM
		{088A6C0F-16FA-4360-93C7-D781244E77FD}.Debug|x64.ActiveCfg = Debug|x64
		{088A6C0F-16FA-4360-93C7-D781244E77FD}.Debug|x64.Build.0 = Debug|x64
		{088A6C0F-16FA-4360-93C7-D781244E77FD}.Debug|x86.ActiveCfg = Debug|x86
		{088A6C0F-16FA-4360-93C7-D781244E77FD}.Debug|x86.Build.0 = Debug|x86
		{088A6C0F-16FA-4360-93C7-D781244E77FD}.Release|Any CPU.ActiveCfg = Release|Any CPU
		{088A6C0F-16FA-4360-93C7-D781244E77FD}.Release|Any CPU.Build.0 = Release|Any CPU
		{088A6C0F-16FA-4360-93C7-D781244E77FD}.Release|ARM.ActiveCfg = Release|ARM
		{088A6C0F-16FA-4360-93C7-D781244E77FD}.Release|ARM.Build.0 = Release|ARM
		{088A6C0F-16FA-4360-93C7-D781244E77FD}.Release|x64.ActiveCfg = Release|x64
		{088A6C0F-16FA-4360-93C7-D781244E77FD}.Release|x64.Build.0 = Release|x64
		{088A6C0F-16FA-4360-93C7-D781244E77FD}.Release|x86.ActiveCfg = Release|x86
		{088A6C0F-16FA-4360-93C7-D781244E77FD}.Release|x86.Build.0 = Release|x86
	EndGlobalSection
	GlobalSection(SolutionProperties) = preSolution
		HideSolutionNode = FALSE
	EndGlobalSection
	GlobalSection(ExtensibilityGlobals) = postSolution
		SolutionGuid = {3FDBADB1-0A22-4DC3-8024-592287F9490D}
	EndGlobalSection
EndGlobal
