
Microsoft Visual Studio Solution File, Format Version 12.00
# Visual Studio Express 2012 for Windows Phone
Project("{FAE04EC0-301F-11D3-BF4B-00C04F79EFBC}") = "Linphone", "Linphone\Linphone.csproj", "{BB0B8F3F-8638-49CF-B968-E097A2E6CBBE}"
	ProjectSection(ProjectDependencies) = postProject
		{BBABEEA1-494C-4618-96E3-399873A5558B} = {BBABEEA1-494C-4618-96E3-399873A5558B}
	EndProjectSection
EndProject
Project("{8BC9CEB8-8B4A-11D0-8D11-00A0C91BC942}") = "BackEndProxyStub", "BackEndProxyStub\BackEndProxyStub.vcxproj", "{BBABEEA1-494C-4618-96E3-399873A5558B}"
	ProjectSection(ProjectDependencies) = postProject
		{C8D75245-FFCF-4932-A228-C9CC8BB60B03} = {C8D75245-FFCF-4932-A228-C9CC8BB60B03}
	EndProjectSection
EndProject
Project("{8BC9CEB8-8B4A-11D0-8D11-00A0C91BC942}") = "BackEnd", "BackEnd\BackEnd.vcxproj", "{C8D75245-FFCF-4932-A228-C9CC8BB60B03}"
EndProject
Project("{FAE04EC0-301F-11D3-BF4B-00C04F79EFBC}") = "Agents", "Agents\Agents.csproj", "{27439D4F-29EF-48D7-8F2D-76F64BAAE175}"
EndProject
Global
	GlobalSection(SolutionConfigurationPlatforms) = preSolution
		Debug|Any CPU = Debug|Any CPU
		Debug|ARM = Debug|ARM
		Debug|Win32 = Debug|Win32
		Debug|x86 = Debug|x86
		Release|Any CPU = Release|Any CPU
		Release|ARM = Release|ARM
		Release|Win32 = Release|Win32
		Release|x86 = Release|x86
	EndGlobalSection
	GlobalSection(ProjectConfigurationPlatforms) = postSolution
		{BB0B8F3F-8638-49CF-B968-E097A2E6CBBE}.Debug|Any CPU.ActiveCfg = Debug|Any CPU
		{BB0B8F3F-8638-49CF-B968-E097A2E6CBBE}.Debug|Any CPU.Build.0 = Debug|Any CPU
		{BB0B8F3F-8638-49CF-B968-E097A2E6CBBE}.Debug|Any CPU.Deploy.0 = Debug|Any CPU
		{BB0B8F3F-8638-49CF-B968-E097A2E6CBBE}.Debug|ARM.ActiveCfg = Debug|ARM
		{BB0B8F3F-8638-49CF-B968-E097A2E6CBBE}.Debug|ARM.Build.0 = Debug|ARM
		{BB0B8F3F-8638-49CF-B968-E097A2E6CBBE}.Debug|ARM.Deploy.0 = Debug|ARM
		{BB0B8F3F-8638-49CF-B968-E097A2E6CBBE}.Debug|Win32.ActiveCfg = Debug|x86
		{BB0B8F3F-8638-49CF-B968-E097A2E6CBBE}.Debug|Win32.Build.0 = Debug|x86
		{BB0B8F3F-8638-49CF-B968-E097A2E6CBBE}.Debug|Win32.Deploy.0 = Debug|x86
		{BB0B8F3F-8638-49CF-B968-E097A2E6CBBE}.Debug|x86.ActiveCfg = Debug|x86
		{BB0B8F3F-8638-49CF-B968-E097A2E6CBBE}.Debug|x86.Build.0 = Debug|x86
		{BB0B8F3F-8638-49CF-B968-E097A2E6CBBE}.Debug|x86.Deploy.0 = Debug|x86
		{BB0B8F3F-8638-49CF-B968-E097A2E6CBBE}.Release|Any CPU.ActiveCfg = Release|Any CPU
		{BB0B8F3F-8638-49CF-B968-E097A2E6CBBE}.Release|Any CPU.Build.0 = Release|Any CPU
		{BB0B8F3F-8638-49CF-B968-E097A2E6CBBE}.Release|Any CPU.Deploy.0 = Release|Any CPU
		{BB0B8F3F-8638-49CF-B968-E097A2E6CBBE}.Release|ARM.ActiveCfg = Release|ARM
		{BB0B8F3F-8638-49CF-B968-E097A2E6CBBE}.Release|ARM.Build.0 = Release|ARM
		{BB0B8F3F-8638-49CF-B968-E097A2E6CBBE}.Release|ARM.Deploy.0 = Release|ARM
		{BB0B8F3F-8638-49CF-B968-E097A2E6CBBE}.Release|Win32.ActiveCfg = Release|x86
		{BB0B8F3F-8638-49CF-B968-E097A2E6CBBE}.Release|Win32.Build.0 = Release|x86
		{BB0B8F3F-8638-49CF-B968-E097A2E6CBBE}.Release|Win32.Deploy.0 = Release|x86
		{BB0B8F3F-8638-49CF-B968-E097A2E6CBBE}.Release|x86.ActiveCfg = Release|x86
		{BB0B8F3F-8638-49CF-B968-E097A2E6CBBE}.Release|x86.Build.0 = Release|x86
		{BB0B8F3F-8638-49CF-B968-E097A2E6CBBE}.Release|x86.Deploy.0 = Release|x86
		{BBABEEA1-494C-4618-96E3-399873A5558B}.Debug|Any CPU.ActiveCfg = Debug|ARM
		{BBABEEA1-494C-4618-96E3-399873A5558B}.Debug|ARM.ActiveCfg = Debug|ARM
		{BBABEEA1-494C-4618-96E3-399873A5558B}.Debug|ARM.Build.0 = Debug|ARM
		{BBABEEA1-494C-4618-96E3-399873A5558B}.Debug|Win32.ActiveCfg = Debug|ARM
		{BBABEEA1-494C-4618-96E3-399873A5558B}.Debug|x86.ActiveCfg = Debug|ARM
		{BBABEEA1-494C-4618-96E3-399873A5558B}.Release|Any CPU.ActiveCfg = Release|ARM
		{BBABEEA1-494C-4618-96E3-399873A5558B}.Release|ARM.ActiveCfg = Release|ARM
		{BBABEEA1-494C-4618-96E3-399873A5558B}.Release|ARM.Build.0 = Release|ARM
		{BBABEEA1-494C-4618-96E3-399873A5558B}.Release|Win32.ActiveCfg = Release|ARM
		{BBABEEA1-494C-4618-96E3-399873A5558B}.Release|x86.ActiveCfg = Release|ARM
		{C8D75245-FFCF-4932-A228-C9CC8BB60B03}.Debug|Any CPU.ActiveCfg = Debug|ARM
		{C8D75245-FFCF-4932-A228-C9CC8BB60B03}.Debug|ARM.ActiveCfg = Debug|ARM
		{C8D75245-FFCF-4932-A228-C9CC8BB60B03}.Debug|ARM.Build.0 = Debug|ARM
		{C8D75245-FFCF-4932-A228-C9CC8BB60B03}.Debug|Win32.ActiveCfg = Debug|ARM
		{C8D75245-FFCF-4932-A228-C9CC8BB60B03}.Debug|x86.ActiveCfg = Debug|ARM
		{C8D75245-FFCF-4932-A228-C9CC8BB60B03}.Release|Any CPU.ActiveCfg = Release|ARM
		{C8D75245-FFCF-4932-A228-C9CC8BB60B03}.Release|ARM.ActiveCfg = Release|ARM
		{C8D75245-FFCF-4932-A228-C9CC8BB60B03}.Release|ARM.Build.0 = Release|ARM
		{C8D75245-FFCF-4932-A228-C9CC8BB60B03}.Release|Win32.ActiveCfg = Release|ARM
		{C8D75245-FFCF-4932-A228-C9CC8BB60B03}.Release|x86.ActiveCfg = Release|ARM
		{27439D4F-29EF-48D7-8F2D-76F64BAAE175}.Debug|Any CPU.ActiveCfg = Debug|Any CPU
		{27439D4F-29EF-48D7-8F2D-76F64BAAE175}.Debug|Any CPU.Build.0 = Debug|Any CPU
		{27439D4F-29EF-48D7-8F2D-76F64BAAE175}.Debug|ARM.ActiveCfg = Debug|ARM
		{27439D4F-29EF-48D7-8F2D-76F64BAAE175}.Debug|ARM.Build.0 = Debug|ARM
		{27439D4F-29EF-48D7-8F2D-76F64BAAE175}.Debug|Win32.ActiveCfg = Debug|x86
		{27439D4F-29EF-48D7-8F2D-76F64BAAE175}.Debug|Win32.Build.0 = Debug|x86
		{27439D4F-29EF-48D7-8F2D-76F64BAAE175}.Debug|x86.ActiveCfg = Debug|x86
		{27439D4F-29EF-48D7-8F2D-76F64BAAE175}.Debug|x86.Build.0 = Debug|x86
		{27439D4F-29EF-48D7-8F2D-76F64BAAE175}.Release|Any CPU.ActiveCfg = Release|Any CPU
		{27439D4F-29EF-48D7-8F2D-76F64BAAE175}.Release|Any CPU.Build.0 = Release|Any CPU
		{27439D4F-29EF-48D7-8F2D-76F64BAAE175}.Release|ARM.ActiveCfg = Release|ARM
		{27439D4F-29EF-48D7-8F2D-76F64BAAE175}.Release|ARM.Build.0 = Release|ARM
		{27439D4F-29EF-48D7-8F2D-76F64BAAE175}.Release|Win32.ActiveCfg = Release|x86
		{27439D4F-29EF-48D7-8F2D-76F64BAAE175}.Release|Win32.Build.0 = Release|x86
		{27439D4F-29EF-48D7-8F2D-76F64BAAE175}.Release|x86.ActiveCfg = Release|x86
		{27439D4F-29EF-48D7-8F2D-76F64BAAE175}.Release|x86.Build.0 = Release|x86
	EndGlobalSection
	GlobalSection(SolutionProperties) = preSolution
		HideSolutionNode = FALSE
	EndGlobalSection
EndGlobal
